
Microsoft Visual Studio Solution File, Format Version 12.00
# Visual Studio Version 17
VisualStudioVersion = 17.3.32929.385
MinimumVisualStudioVersion = 10.0.40219.1
Project("{F184B08F-C81C-45F6-A57F-5ABD9991F28F}") = "WpfApp2", "WpfApp2\WpfApp2.vbproj", "{4A0C2F70-F994-4BBE-85AA-CF2F828520F1}"
EndProject
Global
	GlobalSection(SolutionConfigurationPlatforms) = preSolution
		Debug|Any CPU = Debug|Any CPU
		Release|Any CPU = Release|Any CPU
	EndGlobalSection
	GlobalSection(ProjectConfigurationPlatforms) = postSolution
		{4A0C2F70-F994-4BBE-85AA-CF2F828520F1}.Debug|Any CPU.ActiveCfg = Debug|Any CPU
		{4A0C2F70-F994-4BBE-85AA-CF2F828520F1}.Debug|Any CPU.Build.0 = Debug|Any CPU
		{4A0C2F70-F994-4BBE-85AA-CF2F828520F1}.Release|Any CPU.ActiveCfg = Release|Any CPU
		{4A0C2F70-F994-4BBE-85AA-CF2F828520F1}.Release|Any CPU.Build.0 = Release|Any CPU
	EndGlobalSection
	GlobalSection(SolutionProperties) = preSolution
		HideSolutionNode = FALSE
	EndGlobalSection
	GlobalSection(ExtensibilityGlobals) = postSolution
		SolutionGuid = {D9B9A0CA-D64D-4591-B2B7-FC81D4ABDAF3}
	EndGlobalSection
EndGlobal
