
Microsoft Visual Studio Solution File, Format Version 12.00
# Visual Studio Version 17
VisualStudioVersion = 17.3.32929.385
MinimumVisualStudioVersion = 10.0.40219.1
Project("{F184B08F-C81C-45F6-A57F-5ABD9991F28F}") = "WpfApp3", "WpfApp3\WpfApp3.vbproj", "{9EFFB6AE-499F-4188-9305-1F0408AA7FCB}"
EndProject
Global
	GlobalSection(SolutionConfigurationPlatforms) = preSolution
		Debug|Any CPU = Debug|Any CPU
		Release|Any CPU = Release|Any CPU
	EndGlobalSection
	GlobalSection(ProjectConfigurationPlatforms) = postSolution
		{9EFFB6AE-499F-4188-9305-1F0408AA7FCB}.Debug|Any CPU.ActiveCfg = Debug|Any CPU
		{9EFFB6AE-499F-4188-9305-1F0408AA7FCB}.Debug|Any CPU.Build.0 = Debug|Any CPU
		{9EFFB6AE-499F-4188-9305-1F0408AA7FCB}.Release|Any CPU.ActiveCfg = Release|Any CPU
		{9EFFB6AE-499F-4188-9305-1F0408AA7FCB}.Release|Any CPU.Build.0 = Release|Any CPU
	EndGlobalSection
	GlobalSection(SolutionProperties) = preSolution
		HideSolutionNode = FALSE
	EndGlobalSection
	GlobalSection(ExtensibilityGlobals) = postSolution
		SolutionGuid = {909B43DC-82F2-45EC-9F49-EBB61C6D48C9}
	EndGlobalSection
EndGlobal
